
Microsoft Visual Studio Solution File, Format Version 12.00
# Visual Studio Version 16
VisualStudioVersion = 16.0.29509.3
MinimumVisualStudioVersion = 10.0.40219.1
Project("{9A19103F-16F7-4668-BE54-9A1E7A4F7556}") = "NumbersExtension", "NumbersExtension\NumbersExtension.csproj", "{EB47E25F-6D36-4DD4-9B56-A73CBAD8E728}"
EndProject
Project("{9A19103F-16F7-4668-BE54-9A1E7A4F7556}") = "ArrayExtension", "ArrayExtension\ArrayExtension.csproj", "{A402683D-387B-4E38-8B8D-4B3BC6E084A6}"
EndProject
Project("{9A19103F-16F7-4668-BE54-9A1E7A4F7556}") = "ArrayExtension.Tests", "ArrayExtension.Tests\ArrayExtension.Tests.csproj", "{A76442F5-07D5-41DC-B401-A00EAF4AC2D4}"
EndProject
Project("{9A19103F-16F7-4668-BE54-9A1E7A4F7556}") = "ArrayGeneration", "ArrayGenerator\ArrayGeneration.csproj", "{3AEF92F7-9CA4-47FF-B8DE-EDDBDFAF92C7}"
EndProject
Project("{9A19103F-16F7-4668-BE54-9A1E7A4F7556}") = "DoubleExtension", "DoubleExtension\DoubleExtension.csproj", "{4B493E1C-F140-4A92-9046-306986505A53}"
EndProject
Project("{FAE04EC0-301F-11D3-BF4B-00C04F79EFBC}") = "DoubleExtension.Tests", "DoubleExtension.Tests\DoubleExtension.Tests.csproj", "{B38C772A-ED2F-4B38-AF11-DCCE5D764408}"
EndProject
Global
	GlobalSection(SolutionConfigurationPlatforms) = preSolution
		Debug|Any CPU = Debug|Any CPU
		Release|Any CPU = Release|Any CPU
	EndGlobalSection
	GlobalSection(ProjectConfigurationPlatforms) = postSolution
		{EB47E25F-6D36-4DD4-9B56-A73CBAD8E728}.Debug|Any CPU.ActiveCfg = Debug|Any CPU
		{EB47E25F-6D36-4DD4-9B56-A73CBAD8E728}.Debug|Any CPU.Build.0 = Debug|Any CPU
		{EB47E25F-6D36-4DD4-9B56-A73CBAD8E728}.Release|Any CPU.ActiveCfg = Release|Any CPU
		{EB47E25F-6D36-4DD4-9B56-A73CBAD8E728}.Release|Any CPU.Build.0 = Release|Any CPU
		{A402683D-387B-4E38-8B8D-4B3BC6E084A6}.Debug|Any CPU.ActiveCfg = Debug|Any CPU
		{A402683D-387B-4E38-8B8D-4B3BC6E084A6}.Debug|Any CPU.Build.0 = Debug|Any CPU
		{A402683D-387B-4E38-8B8D-4B3BC6E084A6}.Release|Any CPU.ActiveCfg = Release|Any CPU
		{A402683D-387B-4E38-8B8D-4B3BC6E084A6}.Release|Any CPU.Build.0 = Release|Any CPU
		{A76442F5-07D5-41DC-B401-A00EAF4AC2D4}.Debug|Any CPU.ActiveCfg = Debug|Any CPU
		{A76442F5-07D5-41DC-B401-A00EAF4AC2D4}.Debug|Any CPU.Build.0 = Debug|Any CPU
		{A76442F5-07D5-41DC-B401-A00EAF4AC2D4}.Release|Any CPU.ActiveCfg = Release|Any CPU
		{A76442F5-07D5-41DC-B401-A00EAF4AC2D4}.Release|Any CPU.Build.0 = Release|Any CPU
		{3AEF92F7-9CA4-47FF-B8DE-EDDBDFAF92C7}.Debug|Any CPU.ActiveCfg = Debug|Any CPU
		{3AEF92F7-9CA4-47FF-B8DE-EDDBDFAF92C7}.Debug|Any CPU.Build.0 = Debug|Any CPU
		{3AEF92F7-9CA4-47FF-B8DE-EDDBDFAF92C7}.Release|Any CPU.ActiveCfg = Release|Any CPU
		{3AEF92F7-9CA4-47FF-B8DE-EDDBDFAF92C7}.Release|Any CPU.Build.0 = Release|Any CPU
		{4B493E1C-F140-4A92-9046-306986505A53}.Debug|Any CPU.ActiveCfg = Debug|Any CPU
		{4B493E1C-F140-4A92-9046-306986505A53}.Debug|Any CPU.Build.0 = Debug|Any CPU
		{4B493E1C-F140-4A92-9046-306986505A53}.Release|Any CPU.ActiveCfg = Release|Any CPU
		{4B493E1C-F140-4A92-9046-306986505A53}.Release|Any CPU.Build.0 = Release|Any CPU
		{B38C772A-ED2F-4B38-AF11-DCCE5D764408}.Debug|Any CPU.ActiveCfg = Debug|Any CPU
		{B38C772A-ED2F-4B38-AF11-DCCE5D764408}.Debug|Any CPU.Build.0 = Debug|Any CPU
		{B38C772A-ED2F-4B38-AF11-DCCE5D764408}.Release|Any CPU.ActiveCfg = Release|Any CPU
		{B38C772A-ED2F-4B38-AF11-DCCE5D764408}.Release|Any CPU.Build.0 = Release|Any CPU
	EndGlobalSection
	GlobalSection(SolutionProperties) = preSolution
		HideSolutionNode = FALSE
	EndGlobalSection
	GlobalSection(ExtensibilityGlobals) = postSolution
		SolutionGuid = {EFC4DE15-C760-4F20-A4FA-FCBB1CD0DD2E}
	EndGlobalSection
EndGlobal
